
Microsoft Visual Studio Solution File, Format Version 12.00
# Visual Studio Version 17
VisualStudioVersion = 17.8.34511.84
MinimumVisualStudioVersion = 10.0.40219.1
Project("{9A19103F-16F7-4668-BE54-9A1E7A4F7556}") = "Prorim-Backend", "Prorim-Backend.csproj", "{9C6B1BC0-42ED-4E66-BC31-1209C09687C6}"
EndProject
Project("{9A19103F-16F7-4668-BE54-9A1E7A4F7556}") = "Prorim-MediatrHandling", "..\Prorim-MediatrHandling\Prorim-MediatrHandling.csproj", "{9D311559-772C-43C8-9E97-AFC9708FFC1C}"
EndProject
Project("{9A19103F-16F7-4668-BE54-9A1E7A4F7556}") = "Prorim-Services", "..\Prorim-Services\Prorim-Services.csproj", "{E579A0A3-BE15-4FCB-8E73-A8F37957C266}"
EndProject
Project("{2150E333-8FDC-42A3-9474-1A3956D46DE8}") = "Solution Items", "Solution Items", "{E96C4C1E-A565-4197-ACB9-F9279E3B9CD2}"
	ProjectSection(SolutionItems) = preProject
		.editorconfig = .editorconfig
	EndProjectSection
EndProject
Global
	GlobalSection(SolutionConfigurationPlatforms) = preSolution
		Debug|Any CPU = Debug|Any CPU
		Release|Any CPU = Release|Any CPU
	EndGlobalSection
	GlobalSection(ProjectConfigurationPlatforms) = postSolution
		{9C6B1BC0-42ED-4E66-BC31-1209C09687C6}.Debug|Any CPU.ActiveCfg = Debug|Any CPU
		{9C6B1BC0-42ED-4E66-BC31-1209C09687C6}.Debug|Any CPU.Build.0 = Debug|Any CPU
		{9C6B1BC0-42ED-4E66-BC31-1209C09687C6}.Release|Any CPU.ActiveCfg = Release|Any CPU
		{9C6B1BC0-42ED-4E66-BC31-1209C09687C6}.Release|Any CPU.Build.0 = Release|Any CPU
		{9D311559-772C-43C8-9E97-AFC9708FFC1C}.Debug|Any CPU.ActiveCfg = Debug|Any CPU
		{9D311559-772C-43C8-9E97-AFC9708FFC1C}.Debug|Any CPU.Build.0 = Debug|Any CPU
		{9D311559-772C-43C8-9E97-AFC9708FFC1C}.Release|Any CPU.ActiveCfg = Release|Any CPU
		{9D311559-772C-43C8-9E97-AFC9708FFC1C}.Release|Any CPU.Build.0 = Release|Any CPU
		{E579A0A3-BE15-4FCB-8E73-A8F37957C266}.Debug|Any CPU.ActiveCfg = Debug|Any CPU
		{E579A0A3-BE15-4FCB-8E73-A8F37957C266}.Debug|Any CPU.Build.0 = Debug|Any CPU
		{E579A0A3-BE15-4FCB-8E73-A8F37957C266}.Release|Any CPU.ActiveCfg = Release|Any CPU
		{E579A0A3-BE15-4FCB-8E73-A8F37957C266}.Release|Any CPU.Build.0 = Release|Any CPU
	EndGlobalSection
	GlobalSection(SolutionProperties) = preSolution
		HideSolutionNode = FALSE
	EndGlobalSection
	GlobalSection(ExtensibilityGlobals) = postSolution
		SolutionGuid = {A0009DD3-DC68-4C1A-817A-04E8A14B662C}
	EndGlobalSection
EndGlobal
